
Microsoft Visual Studio Solution File, Format Version 12.00
# Visual Studio 14
VisualStudioVersion = 14.0.23107.0
MinimumVisualStudioVersion = 10.0.40219.1
Project("{FAE04EC0-301F-11D3-BF4B-00C04F79EFBC}") = "HomeCinema", "HomeCinema\HomeCinema.csproj", "{844A3E9D-40B0-45F3-82DA-BD1A6FD80961}"
EndProject
Project("{FAE04EC0-301F-11D3-BF4B-00C04F79EFBC}") = "HomeCinema.Entities", "HomeCinema.Entities\HomeCinema.Entities.csproj", "{354F7C54-8E4A-4F45-BB25-4B45A4BCC440}"
EndProject
Project("{FAE04EC0-301F-11D3-BF4B-00C04F79EFBC}") = "HomeCinema.Data", "HomeCinema.Data\HomeCinema.Data.csproj", "{DEB7C7F0-2414-42E7-B6CA-7EF47BD67B94}"
EndProject
Project("{FAE04EC0-301F-11D3-BF4B-00C04F79EFBC}") = "HomeCinema.Services", "HomeCinema.Services\HomeCinema.Services.csproj", "{D0C96E46-A56F-4D82-B690-5C836A9BBFFB}"
EndProject
Project("{FAE04EC0-301F-11D3-BF4B-00C04F79EFBC}") = "HomeCinema.Web", "HomeCinema.Web\HomeCinema.Web.csproj", "{F23A4A79-8BD9-43A2-ABFB-9B6913B66759}"
EndProject
Global
	GlobalSection(SolutionConfigurationPlatforms) = preSolution
		Debug|Any CPU = Debug|Any CPU
		Release|Any CPU = Release|Any CPU
	EndGlobalSection
	GlobalSection(ProjectConfigurationPlatforms) = postSolution
		{844A3E9D-40B0-45F3-82DA-BD1A6FD80961}.Debug|Any CPU.ActiveCfg = Debug|Any CPU
		{844A3E9D-40B0-45F3-82DA-BD1A6FD80961}.Debug|Any CPU.Build.0 = Debug|Any CPU
		{844A3E9D-40B0-45F3-82DA-BD1A6FD80961}.Release|Any CPU.ActiveCfg = Release|Any CPU
		{844A3E9D-40B0-45F3-82DA-BD1A6FD80961}.Release|Any CPU.Build.0 = Release|Any CPU
		{354F7C54-8E4A-4F45-BB25-4B45A4BCC440}.Debug|Any CPU.ActiveCfg = Debug|Any CPU
		{354F7C54-8E4A-4F45-BB25-4B45A4BCC440}.Debug|Any CPU.Build.0 = Debug|Any CPU
		{354F7C54-8E4A-4F45-BB25-4B45A4BCC440}.Release|Any CPU.ActiveCfg = Release|Any CPU
		{354F7C54-8E4A-4F45-BB25-4B45A4BCC440}.Release|Any CPU.Build.0 = Release|Any CPU
		{DEB7C7F0-2414-42E7-B6CA-7EF47BD67B94}.Debug|Any CPU.ActiveCfg = Debug|Any CPU
		{DEB7C7F0-2414-42E7-B6CA-7EF47BD67B94}.Debug|Any CPU.Build.0 = Debug|Any CPU
		{DEB7C7F0-2414-42E7-B6CA-7EF47BD67B94}.Release|Any CPU.ActiveCfg = Release|Any CPU
		{DEB7C7F0-2414-42E7-B6CA-7EF47BD67B94}.Release|Any CPU.Build.0 = Release|Any CPU
		{D0C96E46-A56F-4D82-B690-5C836A9BBFFB}.Debug|Any CPU.ActiveCfg = Debug|Any CPU
		{D0C96E46-A56F-4D82-B690-5C836A9BBFFB}.Debug|Any CPU.Build.0 = Debug|Any CPU
		{D0C96E46-A56F-4D82-B690-5C836A9BBFFB}.Release|Any CPU.ActiveCfg = Release|Any CPU
		{D0C96E46-A56F-4D82-B690-5C836A9BBFFB}.Release|Any CPU.Build.0 = Release|Any CPU
		{F23A4A79-8BD9-43A2-ABFB-9B6913B66759}.Debug|Any CPU.ActiveCfg = Debug|Any CPU
		{F23A4A79-8BD9-43A2-ABFB-9B6913B66759}.Debug|Any CPU.Build.0 = Debug|Any CPU
		{F23A4A79-8BD9-43A2-ABFB-9B6913B66759}.Release|Any CPU.ActiveCfg = Release|Any CPU
		{F23A4A79-8BD9-43A2-ABFB-9B6913B66759}.Release|Any CPU.Build.0 = Release|Any CPU
	EndGlobalSection
	GlobalSection(SolutionProperties) = preSolution
		HideSolutionNode = FALSE
	EndGlobalSection
EndGlobal
